
Microsoft Visual Studio Solution File, Format Version 12.00
# Visual Studio Version 17
VisualStudioVersion = 17.7.34031.279
MinimumVisualStudioVersion = 10.0.40219.1
Project("{9A19103F-16F7-4668-BE54-9A1E7A4F7556}") = "Simple.Admin.Web.Host", "Simple.Admin.Web.Host\Simple.Admin.Web.Host.csproj", "{37640B89-91C4-4221-80B9-621787AFC3AF}"
EndProject
Project("{9A19103F-16F7-4668-BE54-9A1E7A4F7556}") = "Simple.Admin.Application.Contracts", "Simple.Admin.Application.Contracts\Simple.Admin.Application.Contracts.csproj", "{54DB1230-1095-4CB5-91C6-5AB9D775773D}"
EndProject
Project("{9A19103F-16F7-4668-BE54-9A1E7A4F7556}") = "Simple.Admin.Domain", "Simple.Admin.Domain\Simple.Admin.Domain.csproj", "{41D47AD5-7539-415D-A151-BC3A1938CADF}"
EndProject
Project("{9A19103F-16F7-4668-BE54-9A1E7A4F7556}") = "Simple.Admin.Application", "Simple.Admin.Application\Simple.Admin.Application.csproj", "{18A7DF93-3152-410D-8208-C44612C3DFF3}"
EndProject
Project("{9A19103F-16F7-4668-BE54-9A1E7A4F7556}") = "Simple.Admin.Domain.Shared", "Simple.Admin.Domain.Shared\Simple.Admin.Domain.Shared.csproj", "{EB1CFD53-3C75-4431-868D-3DDDACB99151}"
EndProject
Project("{9A19103F-16F7-4668-BE54-9A1E7A4F7556}") = "Simple.Admin.DataDriver", "Simple.Admin.DataDriver\Simple.Admin.DataDriver.csproj", "{DED28D0A-C1F6-46FD-9245-7E49D755B7F6}"
EndProject
Project("{2150E333-8FDC-42A3-9474-1A3956D46DE8}") = "Solution Items", "Solution Items", "{D8069979-F535-4850-A8C2-40266E38E0D6}"
	ProjectSection(SolutionItems) = preProject
		.editorconfig = .editorconfig
	EndProjectSection
EndProject
Project("{9A19103F-16F7-4668-BE54-9A1E7A4F7556}") = "Simple.Admin.ControllerLibrary", "Simple.Admin.ControllerLibrary\Simple.Admin.ControllerLibrary.csproj", "{3D6507CE-C283-4668-98F4-DF836701A824}"
EndProject
Global
	GlobalSection(SolutionConfigurationPlatforms) = preSolution
		Debug|Any CPU = Debug|Any CPU
		Release|Any CPU = Release|Any CPU
	EndGlobalSection
	GlobalSection(ProjectConfigurationPlatforms) = postSolution
		{37640B89-91C4-4221-80B9-621787AFC3AF}.Debug|Any CPU.ActiveCfg = Debug|Any CPU
		{37640B89-91C4-4221-80B9-621787AFC3AF}.Debug|Any CPU.Build.0 = Debug|Any CPU
		{37640B89-91C4-4221-80B9-621787AFC3AF}.Release|Any CPU.ActiveCfg = Release|Any CPU
		{37640B89-91C4-4221-80B9-621787AFC3AF}.Release|Any CPU.Build.0 = Release|Any CPU
		{54DB1230-1095-4CB5-91C6-5AB9D775773D}.Debug|Any CPU.ActiveCfg = Debug|Any CPU
		{54DB1230-1095-4CB5-91C6-5AB9D775773D}.Debug|Any CPU.Build.0 = Debug|Any CPU
		{54DB1230-1095-4CB5-91C6-5AB9D775773D}.Release|Any CPU.ActiveCfg = Release|Any CPU
		{54DB1230-1095-4CB5-91C6-5AB9D775773D}.Release|Any CPU.Build.0 = Release|Any CPU
		{41D47AD5-7539-415D-A151-BC3A1938CADF}.Debug|Any CPU.ActiveCfg = Debug|Any CPU
		{41D47AD5-7539-415D-A151-BC3A1938CADF}.Debug|Any CPU.Build.0 = Debug|Any CPU
		{41D47AD5-7539-415D-A151-BC3A1938CADF}.Release|Any CPU.ActiveCfg = Release|Any CPU
		{41D47AD5-7539-415D-A151-BC3A1938CADF}.Release|Any CPU.Build.0 = Release|Any CPU
		{18A7DF93-3152-410D-8208-C44612C3DFF3}.Debug|Any CPU.ActiveCfg = Debug|Any CPU
		{18A7DF93-3152-410D-8208-C44612C3DFF3}.Debug|Any CPU.Build.0 = Debug|Any CPU
		{18A7DF93-3152-410D-8208-C44612C3DFF3}.Release|Any CPU.ActiveCfg = Release|Any CPU
		{18A7DF93-3152-410D-8208-C44612C3DFF3}.Release|Any CPU.Build.0 = Release|Any CPU
		{EB1CFD53-3C75-4431-868D-3DDDACB99151}.Debug|Any CPU.ActiveCfg = Debug|Any CPU
		{EB1CFD53-3C75-4431-868D-3DDDACB99151}.Debug|Any CPU.Build.0 = Debug|Any CPU
		{EB1CFD53-3C75-4431-868D-3DDDACB99151}.Release|Any CPU.ActiveCfg = Release|Any CPU
		{EB1CFD53-3C75-4431-868D-3DDDACB99151}.Release|Any CPU.Build.0 = Release|Any CPU
		{DED28D0A-C1F6-46FD-9245-7E49D755B7F6}.Debug|Any CPU.ActiveCfg = Debug|Any CPU
		{DED28D0A-C1F6-46FD-9245-7E49D755B7F6}.Debug|Any CPU.Build.0 = Debug|Any CPU
		{DED28D0A-C1F6-46FD-9245-7E49D755B7F6}.Release|Any CPU.ActiveCfg = Release|Any CPU
		{DED28D0A-C1F6-46FD-9245-7E49D755B7F6}.Release|Any CPU.Build.0 = Release|Any CPU
		{3D6507CE-C283-4668-98F4-DF836701A824}.Debug|Any CPU.ActiveCfg = Debug|Any CPU
		{3D6507CE-C283-4668-98F4-DF836701A824}.Debug|Any CPU.Build.0 = Debug|Any CPU
		{3D6507CE-C283-4668-98F4-DF836701A824}.Release|Any CPU.ActiveCfg = Release|Any CPU
		{3D6507CE-C283-4668-98F4-DF836701A824}.Release|Any CPU.Build.0 = Release|Any CPU
	EndGlobalSection
	GlobalSection(SolutionProperties) = preSolution
		HideSolutionNode = FALSE
	EndGlobalSection
	GlobalSection(ExtensibilityGlobals) = postSolution
		SolutionGuid = {37A0CAD2-8ECE-40CD-99D5-FC69EE970C3F}
	EndGlobalSection
EndGlobal
